
Microsoft Visual Studio Solution File, Format Version 12.00
# Visual Studio Version 17
VisualStudioVersion = 17.3.32929.385
MinimumVisualStudioVersion = 10.0.40219.1
Project("{8BC9CEB8-8B4A-11D0-8D11-00A0C91BC942}") = "appwin", "appwin\appwin.vcxproj", "{4533CAA9-FC3E-48CE-9EF4-4746263C2CE1}"
EndProject
Project("{8BC9CEB8-8B4A-11D0-8D11-00A0C91BC942}") = "PrismRn", "..\node_modules\@nocanstillbb\prism-rn\windows\PrismRn\PrismRn.vcxproj", "{31A81E45-1488-41CE-913C-A153BB2FCDBE}"
EndProject
Global
	GlobalSection(SolutionConfigurationPlatforms) = preSolution
		Debug|ARM64 = Debug|ARM64
		Debug|x64 = Debug|x64
		Debug|x86 = Debug|x86
		Release|ARM64 = Release|ARM64
		Release|x64 = Release|x64
		Release|x86 = Release|x86
	EndGlobalSection
	GlobalSection(ProjectConfigurationPlatforms) = postSolution
		{4533CAA9-FC3E-48CE-9EF4-4746263C2CE1}.Debug|ARM64.ActiveCfg = Debug|ARM64
		{4533CAA9-FC3E-48CE-9EF4-4746263C2CE1}.Debug|ARM64.Build.0 = Debug|ARM64
		{4533CAA9-FC3E-48CE-9EF4-4746263C2CE1}.Debug|ARM64.Deploy.0 = Debug|ARM64
		{4533CAA9-FC3E-48CE-9EF4-4746263C2CE1}.Debug|x64.ActiveCfg = Debug|x64
		{4533CAA9-FC3E-48CE-9EF4-4746263C2CE1}.Debug|x64.Build.0 = Debug|x64
		{4533CAA9-FC3E-48CE-9EF4-4746263C2CE1}.Debug|x64.Deploy.0 = Debug|x64
		{4533CAA9-FC3E-48CE-9EF4-4746263C2CE1}.Debug|x86.ActiveCfg = Debug|Win32
		{4533CAA9-FC3E-48CE-9EF4-4746263C2CE1}.Debug|x86.Build.0 = Debug|Win32
		{4533CAA9-FC3E-48CE-9EF4-4746263C2CE1}.Debug|x86.Deploy.0 = Debug|Win32
		{4533CAA9-FC3E-48CE-9EF4-4746263C2CE1}.Release|ARM64.ActiveCfg = Release|ARM64
		{4533CAA9-FC3E-48CE-9EF4-4746263C2CE1}.Release|ARM64.Build.0 = Release|ARM64
		{4533CAA9-FC3E-48CE-9EF4-4746263C2CE1}.Release|ARM64.Deploy.0 = Release|ARM64
		{4533CAA9-FC3E-48CE-9EF4-4746263C2CE1}.Release|x64.ActiveCfg = Release|x64
		{4533CAA9-FC3E-48CE-9EF4-4746263C2CE1}.Release|x64.Build.0 = Release|x64
		{4533CAA9-FC3E-48CE-9EF4-4746263C2CE1}.Release|x64.Deploy.0 = Release|x64
		{4533CAA9-FC3E-48CE-9EF4-4746263C2CE1}.Release|x86.ActiveCfg = Release|Win32
		{4533CAA9-FC3E-48CE-9EF4-4746263C2CE1}.Release|x86.Build.0 = Release|Win32
		{4533CAA9-FC3E-48CE-9EF4-4746263C2CE1}.Release|x86.Deploy.0 = Release|Win32
		{31A81E45-1488-41CE-913C-A153BB2FCDBE}.Debug|ARM64.ActiveCfg = Debug|ARM64
		{31A81E45-1488-41CE-913C-A153BB2FCDBE}.Debug|ARM64.Build.0 = Debug|ARM64
		{31A81E45-1488-41CE-913C-A153BB2FCDBE}.Debug|x64.ActiveCfg = Debug|x64
		{31A81E45-1488-41CE-913C-A153BB2FCDBE}.Debug|x64.Build.0 = Debug|x64
		{31A81E45-1488-41CE-913C-A153BB2FCDBE}.Debug|x86.ActiveCfg = Debug|Win32
		{31A81E45-1488-41CE-913C-A153BB2FCDBE}.Debug|x86.Build.0 = Debug|Win32
		{31A81E45-1488-41CE-913C-A153BB2FCDBE}.Release|ARM64.ActiveCfg = Release|ARM64
		{31A81E45-1488-41CE-913C-A153BB2FCDBE}.Release|ARM64.Build.0 = Release|ARM64
		{31A81E45-1488-41CE-913C-A153BB2FCDBE}.Release|x64.ActiveCfg = Release|x64
		{31A81E45-1488-41CE-913C-A153BB2FCDBE}.Release|x64.Build.0 = Release|x64
		{31A81E45-1488-41CE-913C-A153BB2FCDBE}.Release|x86.ActiveCfg = Release|Win32
		{31A81E45-1488-41CE-913C-A153BB2FCDBE}.Release|x86.Build.0 = Release|Win32
	EndGlobalSection
	GlobalSection(SolutionProperties) = preSolution
		HideSolutionNode = FALSE
	EndGlobalSection
	GlobalSection(ExtensibilityGlobals) = postSolution
		SolutionGuid = {D43FAD39-F619-437D-BB40-04A3982ACB6A}
	EndGlobalSection
EndGlobal
