{
  "version": 1,
  "dependencies": {
    "native,Version=v0.0": {
      "Microsoft.Web.WebView2": {
        "type": "Direct",
        "requested": "[1.0.2903.40, 1.0.2903.40]",
        "resolved": "1.0.2903.40",
        "contentHash": "THrzYAnJgE3+cNH+9Epr44XjoZoRELdVpXlWGPs6K9C9G6TqyDfVCeVAR/Er8ljLitIUX5gaSkPsy9wRhD1sgQ=="
      },
      "Microsoft.Windows.SDK.BuildTools": {
        "type": "Direct",
        "requested": "[10.0.22621.756, 10.0.22621.756]",
        "resolved": "10.0.22621.756",
        "contentHash": "7ZL2sFSioYm1Ry067Kw1hg0SCcW5kuVezC2SwjGbcPE61Nn+gTbH86T73G3LcEOVj0S3IZzNuE/29gZvOLS7VA=="
      },
      "Microsoft.UI.Xaml": {
        "type": "Direct",
        "requested": "[2.8.0, 2.8.0]",
        "resolved": "2.8.0",
        "contentHash": "vxdHxTr63s5KVtNddMFpgvjBjUH50z7seq/5jLWmmSuf8poxg+sXrywkofUdE8ZstbpO9y3FL/IXXUcPYbeesA=="
      }
    }
  }
}